// !$*UTF8*$!
{
	archiveVersion = 1;
	classes = {
	};
	objectVersion = 77;
	objects = {

/* Begin PBXContainerItemProxy section */
		07B0EC6E2EA8730500C4938E /* PBXContainerItemProxy */ = {
			isa = PBXContainerItemProxy;
			containerPortal = 07B0EC582EA872FE00C4938E /* Project object */;
			proxyType = 1;
			remoteGlobalIDString = 07B0EC5F2EA872FE00C4938E;
			remoteInfo = AmexSniffer;
		};
		07B0EC782EA8730500C4938E /* PBXContainerItemProxy */ = {
			isa = PBXContainerItemProxy;
			containerPortal = 07B0EC582EA872FE00C4938E /* Project object */;
			proxyType = 1;
			remoteGlobalIDString = 07B0EC5F2EA872FE00C4938E;
			remoteInfo = AmexSniffer;
		};
/* End PBXContainerItemProxy section */

/* Begin PBXFileReference section */
		07B0EC602EA872FE00C4938E /* AmexSniffer.app */ = {isa = PBXFileReference; explicitFileType = wrapper.application; includeInIndex = 0; path = AmexSniffer.app; sourceTree = BUILT_PRODUCTS_DIR; };
		07B0EC6D2EA8730500C4938E /* AmexSnifferTests.xctest */ = {isa = PBXFileReference; explicitFileType = wrapper.cfbundle; includeInIndex = 0; path = AmexSnifferTests.xctest; sourceTree = BUILT_PRODUCTS_DIR; };
		07B0EC772EA8730500C4938E /* AmexSnifferUITests.xctest */ = {isa = PBXFileReference; explicitFileType = wrapper.cfbundle; includeInIndex = 0; path = AmexSnifferUITests.xctest; sourceTree = BUILT_PRODUCTS_DIR; };
/* End PBXFileReference section */

/* Begin PBXFileSystemSynchronizedBuildFileExceptionSet section */
		07B0EC8B2EA8734E00C4938E /* Exceptions for "AmexSniffer" folder in "AmexSniffer" target */ = {
			isa = PBXFileSystemSynchronizedBuildFileExceptionSet;
			membershipExceptions = (
				Info.plist,
			);
			target = 07B0EC5F2EA872FE00C4938E /* AmexSniffer */;
		};
/* End PBXFileSystemSynchronizedBuildFileExceptionSet section */

/* Begin PBXFileSystemSynchronizedRootGroup section */
		07B0EC622EA872FE00C4938E /* AmexSniffer */ = {
			isa = PBXFileSystemSynchronizedRootGroup;
			exceptions = (
				07B0EC8B2EA8734E00C4938E /* Exceptions for "AmexSniffer" folder in "AmexSniffer" target */,
			);
			path = AmexSniffer;
			sourceTree = "<group>";
		};
		07B0EC702EA8730500C4938E /* AmexSnifferTests */ = {
			isa = PBXFileSystemSynchronizedRootGroup;
			path = AmexSnifferTests;
			sourceTree = "<group>";
		};
		07B0EC7A2EA8730500C4938E /* AmexSnifferUITests */ = {
			isa = PBXFileSystemSynchronizedRootGroup;
			path = AmexSnifferUITests;
			sourceTree = "<group>";
		};
/* End PBXFileSystemSynchronizedRootGroup section */

/* Begin PBXFrameworksBuildPhase section */
		07B0EC5D2EA872FE00C4938E /* Frameworks */ = {
			isa = PBXFrameworksBuildPhase;
			buildActionMask = 2147483647;
			files = (
			);
			runOnlyForDeploymentPostprocessing = 0;
		};
		07B0EC6A2EA8730500C4938E /* Frameworks */ = {
			isa = PBXFrameworksBuildPhase;
			buildActionMask = 2147483647;
			files = (
			);
			runOnlyForDeploymentPostprocessing = 0;
		};
		07B0EC742EA8730500C4938E /* Frameworks */ = {
			isa = PBXFrameworksBuildPhase;
			buildActionMask = 2147483647;
			files = (
			);
			runOnlyForDeploymentPostprocessing = 0;
		};
/* End PBXFrameworksBuildPhase section */

/* Begin PBXGroup section */
		07B0EC572EA872FE00C4938E = {
			isa = PBXGroup;
			children = (
				07B0EC622EA872FE00C4938E /* AmexSniffer */,
				07B0EC702EA8730500C4938E /* AmexSnifferTests */,
				07B0EC7A2EA8730500C4938E /* AmexSnifferUITests */,
				07B0EC612EA872FE00C4938E /* Products */,
			);
			sourceTree = "<group>";
		};
		07B0EC612EA872FE00C4938E /* Products */ = {
			isa = PBXGroup;
			children = (
				07B0EC602EA872FE00C4938E /* AmexSniffer.app */,
				07B0EC6D2EA8730500C4938E /* AmexSnifferTests.xctest */,
				07B0EC772EA8730500C4938E /* AmexSnifferUITests.xctest */,
			);
			name = Products;
			sourceTree = "<group>";
		};
/* End PBXGroup section */

/* Begin PBXNativeTarget section */
		07B0EC5F2EA872FE00C4938E /* AmexSniffer */ = {
			isa = PBXNativeTarget;
			buildConfigurationList = 07B0EC812EA8730500C4938E /* Build configuration list for PBXNativeTarget "AmexSniffer" */;
			buildPhases = (
				07B0EC5C2EA872FE00C4938E /* Sources */,
				07B0EC5D2EA872FE00C4938E /* Frameworks */,
				07B0EC5E2EA872FE00C4938E /* Resources */,
			);
			buildRules = (
			);
			dependencies = (
			);
			fileSystemSynchronizedGroups = (
				07B0EC622EA872FE00C4938E /* AmexSniffer */,
			);
			name = AmexSniffer;
			packageProductDependencies = (
			);
			productName = AmexSniffer;
			productReference = 07B0EC602EA872FE00C4938E /* AmexSniffer.app */;
			productType = "com.apple.product-type.application";
		};
		07B0EC6C2EA8730500C4938E /* AmexSnifferTests */ = {
			isa = PBXNativeTarget;
			buildConfigurationList = 07B0EC842EA8730500C4938E /* Build configuration list for PBXNativeTarget "AmexSnifferTests" */;
			buildPhases = (
				07B0EC692EA8730500C4938E /* Sources */,
				07B0EC6A2EA8730500C4938E /* Frameworks */,
				07B0EC6B2EA8730500C4938E /* Resources */,
			);
			buildRules = (
			);
			dependencies = (
				07B0EC6F2EA8730500C4938E /* PBXTargetDependency */,
			);
			fileSystemSynchronizedGroups = (
				07B0EC702EA8730500C4938E /* AmexSnifferTests */,
			);
			name = AmexSnifferTests;
			packageProductDependencies = (
			);
			productName = AmexSnifferTests;
			productReference = 07B0EC6D2EA8730500C4938E /* AmexSnifferTests.xctest */;
			productType = "com.apple.product-type.bundle.unit-test";
		};
		07B0EC762EA8730500C4938E /* AmexSnifferUITests */ = {
			isa = PBXNativeTarget;
			buildConfigurationList = 07B0EC872EA8730500C4938E /* Build configuration list for PBXNativeTarget "AmexSnifferUITests" */;
			buildPhases = (
				07B0EC732EA8730500C4938E /* Sources */,
				07B0EC742EA8730500C4938E /* Frameworks */,
				07B0EC752EA8730500C4938E /* Resources */,
			);
			buildRules = (
			);
			dependencies = (
				07B0EC792EA8730500C4938E /* PBXTargetDependency */,
			);
			fileSystemSynchronizedGroups = (
				07B0EC7A2EA8730500C4938E /* AmexSnifferUITests */,
			);
			name = AmexSnifferUITests;
			packageProductDependencies = (
			);
			productName = AmexSnifferUITests;
			productReference = 07B0EC772EA8730500C4938E /* AmexSnifferUITests.xctest */;
			productType = "com.apple.product-type.bundle.ui-testing";
		};
/* End PBXNativeTarget section */

/* Begin PBXProject section */
		07B0EC582EA872FE00C4938E /* Project object */ = {
			isa = PBXProject;
			attributes = {
				BuildIndependentTargetsInParallel = 1;
				LastSwiftUpdateCheck = 2600;
				LastUpgradeCheck = 2600;
				TargetAttributes = {
					07B0EC5F2EA872FE00C4938E = {
						CreatedOnToolsVersion = 26.0.1;
					};
					07B0EC6C2EA8730500C4938E = {
						CreatedOnToolsVersion = 26.0.1;
						TestTargetID = 07B0EC5F2EA872FE00C4938E;
					};
					07B0EC762EA8730500C4938E = {
						CreatedOnToolsVersion = 26.0.1;
						TestTargetID = 07B0EC5F2EA872FE00C4938E;
					};
				};
			};
			buildConfigurationList = 07B0EC5B2EA872FE00C4938E /* Build configuration list for PBXProject "AmexSniffer" */;
			developmentRegion = en;
			hasScannedForEncodings = 0;
			knownRegions = (
				en,
				Base,
			);
			mainGroup = 07B0EC572EA872FE00C4938E;
			minimizedProjectReferenceProxies = 1;
			preferredProjectObjectVersion = 77;
			productRefGroup = 07B0EC612EA872FE00C4938E /* Products */;
			projectDirPath = "";
			projectRoot = "";
			targets = (
				07B0EC5F2EA872FE00C4938E /* AmexSniffer */,
				07B0EC6C2EA8730500C4938E /* AmexSnifferTests */,
				07B0EC762EA8730500C4938E /* AmexSnifferUITests */,
			);
		};
/* End PBXProject section */

/* Begin PBXResourcesBuildPhase section */
		07B0EC5E2EA872FE00C4938E /* Resources */ = {
			isa = PBXResourcesBuildPhase;
			buildActionMask = 2147483647;
			files = (
			);
			runOnlyForDeploymentPostprocessing = 0;
		};
		07B0EC6B2EA8730500C4938E /* Resources */ = {
			isa = PBXResourcesBuildPhase;
			buildActionMask = 2147483647;
			files = (
			);
			runOnlyForDeploymentPostprocessing = 0;
		};
		07B0EC752EA8730500C4938E /* Resources */ = {
			isa = PBXResourcesBuildPhase;
			buildActionMask = 2147483647;
			files = (
			);
			runOnlyForDeploymentPostprocessing = 0;
		};
/* End PBXResourcesBuildPhase section */

/* Begin PBXSourcesBuildPhase section */
		07B0EC5C2EA872FE00C4938E /* Sources */ = {
			isa = PBXSourcesBuildPhase;
			buildActionMask = 2147483647;
			files = (
			);
			runOnlyForDeploymentPostprocessing = 0;
		};
		07B0EC692EA8730500C4938E /* Sources */ = {
			isa = PBXSourcesBuildPhase;
			buildActionMask = 2147483647;
			files = (
			);
			runOnlyForDeploymentPostprocessing = 0;
		};
		07B0EC732EA8730500C4938E /* Sources */ = {
			isa = PBXSourcesBuildPhase;
			buildActionMask = 2147483647;
			files = (
			);
			runOnlyForDeploymentPostprocessing = 0;
		};
/* End PBXSourcesBuildPhase section */

/* Begin PBXTargetDependency section */
		07B0EC6F2EA8730500C4938E /* PBXTargetDependency */ = {
			isa = PBXTargetDependency;
			target = 07B0EC5F2EA872FE00C4938E /* AmexSniffer */;
			targetProxy = 07B0EC6E2EA8730500C4938E /* PBXContainerItemProxy */;
		};
		07B0EC792EA8730500C4938E /* PBXTargetDependency */ = {
			isa = PBXTargetDependency;
			target = 07B0EC5F2EA872FE00C4938E /* AmexSniffer */;
			targetProxy = 07B0EC782EA8730500C4938E /* PBXContainerItemProxy */;
		};
/* End PBXTargetDependency section */

/* Begin XCBuildConfiguration section */
		07B0EC7F2EA8730500C4938E /* Debug */ = {
			isa = XCBuildConfiguration;
			buildSettings = {
				ALWAYS_SEARCH_USER_PATHS = NO;
				ASSETCATALOG_COMPILER_GENERATE_SWIFT_ASSET_SYMBOL_EXTENSIONS = YES;
				CLANG_ANALYZER_NONNULL = YES;
				CLANG_ANALYZER_NUMBER_OBJECT_CONVERSION = YES_AGGRESSIVE;
				CLANG_CXX_LANGUAGE_STANDARD = "gnu++20";
				CLANG_ENABLE_MODULES = YES;
				CLANG_ENABLE_OBJC_ARC = YES;
				CLANG_ENABLE_OBJC_WEAK = YES;
				CLANG_WARN_BLOCK_CAPTURE_AUTORELEASING = YES;
				CLANG_WARN_BOOL_CONVERSION = YES;
				CLANG_WARN_COMMA = YES;
				CLANG_WARN_CONSTANT_CONVERSION = YES;
				CLANG_WARN_DEPRECATED_OBJC_IMPLEMENTATIONS = YES;
				CLANG_WARN_DIRECT_OBJC_ISA_USAGE = YES_ERROR;
				CLANG_WARN_DOCUMENTATION_COMMENTS = YES;
				CLANG_WARN_EMPTY_BODY = YES;
				CLANG_WARN_ENUM_CONVERSION = YES;
				CLANG_WARN_INFINITE_RECURSION = YES;
				CLANG_WARN_INT_CONVERSION = YES;
				CLANG_WARN_NON_LITERAL_NULL_CONVERSION = YES;
				CLANG_WARN_OBJC_IMPLICIT_RETAIN_SELF = YES;
				CLANG_WARN_OBJC_LITERAL_CONVERSION = YES;
				CLANG_WARN_OBJC_ROOT_CLASS = YES_ERROR;
				CLANG_WARN_QUOTED_INCLUDE_IN_FRAMEWORK_HEADER = YES;
				CLANG_WARN_RANGE_LOOP_ANALYSIS = YES;
				CLANG_WARN_STRICT_PROTOTYPES = YES;
				CLANG_WARN_SUSPICIOUS_MOVE = YES;
				CLANG_WARN_UNGUARDED_AVAILABILITY = YES_AGGRESSIVE;
				CLANG_WARN_UNREACHABLE_CODE = YES;
				CLANG_WARN__DUPLICATE_METHOD_MATCH = YES;
				COPY_PHASE_STRIP = NO;
				DEBUG_INFORMATION_FORMAT = dwarf;
				DEVELOPMENT_TEAM = 7QRHY3UX4S;
				ENABLE_STRICT_OBJC_MSGSEND = YES;
				ENABLE_TESTABILITY = YES;
				ENABLE_USER_SCRIPT_SANDBOXING = YES;
				GCC_C_LANGUAGE_STANDARD = gnu17;
				GCC_DYNAMIC_NO_PIC = NO;
				GCC_NO_COMMON_BLOCKS = YES;
				GCC_OPTIMIZATION_LEVEL = 0;
				GCC_PREPROCESSOR_DEFINITIONS = (
					"DEBUG=1",
					"$(inherited)",
				);
				GCC_WARN_64_TO_32_BIT_CONVERSION = YES;
				GCC_WARN_ABOUT_RETURN_TYPE = YES_ERROR;
				GCC_WARN_UNDECLARED_SELECTOR = YES;
				GCC_WARN_UNINITIALIZED_AUTOS = YES_AGGRESSIVE;
				GCC_WARN_UNUSED_FUNCTION = YES;
				GCC_WARN_UNUSED_VARIABLE = YES;
				IPHONEOS_DEPLOYMENT_TARGET = 26.0;
				LOCALIZATION_PREFERS_STRING_CATALOGS = YES;
				MTL_ENABLE_DEBUG_INFO = INCLUDE_SOURCE;
				MTL_FAST_MATH = YES;
				ONLY_ACTIVE_ARCH = YES;
				SDKROOT = iphoneos;
				SWIFT_ACTIVE_COMPILATION_CONDITIONS = "DEBUG $(inherited)";
				SWIFT_OPTIMIZATION_LEVEL = "-Onone";
			};
			name = Debug;
		};
		07B0EC802EA8730500C4938E /* Release */ = {
			isa = XCBuildConfiguration;
			buildSettings = {
				ALWAYS_SEARCH_USER_PATHS = NO;
				ASSETCATALOG_COMPILER_GENERATE_SWIFT_ASSET_SYMBOL_EXTENSIONS = YES;
				CLANG_ANALYZER_NONNULL = YES;
				CLANG_ANALYZER_NUMBER_OBJECT_CONVERSION = YES_AGGRESSIVE;
				CLANG_CXX_LANGUAGE_STANDARD = "gnu++20";
				CLANG_ENABLE_MODULES = YES;
				CLANG_ENABLE_OBJC_ARC = YES;
				CLANG_ENABLE_OBJC_WEAK = YES;
				CLANG_WARN_BLOCK_CAPTURE_AUTORELEASING = YES;
				CLANG_WARN_BOOL_CONVERSION = YES;
				CLANG_WARN_COMMA = YES;
				CLANG_WARN_CONSTANT_CONVERSION = YES;
				CLANG_WARN_DEPRECATED_OBJC_IMPLEMENTATIONS = YES;
				CLANG_WARN_DIRECT_OBJC_ISA_USAGE = YES_ERROR;
				CLANG_WARN_DOCUMENTATION_COMMENTS = YES;
				CLANG_WARN_EMPTY_BODY = YES;
				CLANG_WARN_ENUM_CONVERSION = YES;
				CLANG_WARN_INFINITE_RECURSION = YES;
				CLANG_WARN_INT_CONVERSION = YES;
				CLANG_WARN_NON_LITERAL_NULL_CONVERSION = YES;
				CLANG_WARN_OBJC_IMPLICIT_RETAIN_SELF = YES;
				CLANG_WARN_OBJC_LITERAL_CONVERSION = YES;
				CLANG_WARN_OBJC_ROOT_CLASS = YES_ERROR;
				CLANG_WARN_QUOTED_INCLUDE_IN_FRAMEWORK_HEADER = YES;
				CLANG_WARN_RANGE_LOOP_ANALYSIS = YES;
				CLANG_WARN_STRICT_PROTOTYPES = YES;
				CLANG_WARN_SUSPICIOUS_MOVE = YES;
				CLANG_WARN_UNGUARDED_AVAILABILITY = YES_AGGRESSIVE;
				CLANG_WARN_UNREACHABLE_CODE = YES;
				CLANG_WARN__DUPLICATE_METHOD_MATCH = YES;
				COPY_PHASE_STRIP = NO;
				DEBUG_INFORMATION_FORMAT = "dwarf-with-dsym";
				DEVELOPMENT_TEAM = 7QRHY3UX4S;
				ENABLE_NS_ASSERTIONS = NO;
				ENABLE_STRICT_OBJC_MSGSEND = YES;
				ENABLE_USER_SCRIPT_SANDBOXING = YES;
				GCC_C_LANGUAGE_STANDARD = gnu17;
				GCC_NO_COMMON_BLOCKS = YES;
				GCC_WARN_64_TO_32_BIT_CONVERSION = YES;
				GCC_WARN_ABOUT_RETURN_TYPE = YES_ERROR;
				GCC_WARN_UNDECLARED_SELECTOR = YES;
				GCC_WARN_UNINITIALIZED_AUTOS = YES_AGGRESSIVE;
				GCC_WARN_UNUSED_FUNCTION = YES;
				GCC_WARN_UNUSED_VARIABLE = YES;
				IPHONEOS_DEPLOYMENT_TARGET = 26.0;
				LOCALIZATION_PREFERS_STRING_CATALOGS = YES;
				MTL_ENABLE_DEBUG_INFO = NO;
				MTL_FAST_MATH = YES;
				SDKROOT = iphoneos;
				SWIFT_COMPILATION_MODE = wholemodule;
				VALIDATE_PRODUCT = YES;
			};
			name = Release;
		};
		07B0EC822EA8730500C4938E /* Debug */ = {
			isa = XCBuildConfiguration;
			buildSettings = {
				ASSETCATALOG_COMPILER_APPICON_NAME = AppIcon;
				ASSETCATALOG_COMPILER_GLOBAL_ACCENT_COLOR_NAME = AccentColor;
				CODE_SIGN_ENTITLEMENTS = AmexSniffer/AmexSniffer.entitlements;
				CODE_SIGN_STYLE = Automatic;
				CURRENT_PROJECT_VERSION = 1;
				DEVELOPMENT_TEAM = 7QRHY3UX4S;
				ENABLE_PREVIEWS = YES;
				GENERATE_INFOPLIST_FILE = YES;
				INFOPLIST_FILE = AmexSniffer/Info.plist;
				INFOPLIST_KEY_NFCReaderUsageDescription = "Sniff Amex cards";
				INFOPLIST_KEY_UIApplicationSceneManifest_Generation = YES;
				INFOPLIST_KEY_UIApplicationSupportsIndirectInputEvents = YES;
				INFOPLIST_KEY_UILaunchScreen_Generation = YES;
				INFOPLIST_KEY_UISupportedInterfaceOrientations = UIInterfaceOrientationPortrait;
				INFOPLIST_KEY_UISupportedInterfaceOrientations_iPad = "UIInterfaceOrientationLandscapeLeft UIInterfaceOrientationLandscapeRight UIInterfaceOrientationPortrait UIInterfaceOrientationPortraitUpsideDown";
				IPHONEOS_DEPLOYMENT_TARGET = 18.6;
				LD_RUNPATH_SEARCH_PATHS = (
					"$(inherited)",
					"@executable_path/Frameworks",
				);
				MARKETING_VERSION = 1.0;
				PRODUCT_BUNDLE_IDENTIFIER = is.ewr.AmexSniffer;
				PRODUCT_NAME = "$(TARGET_NAME)";
				STRING_CATALOG_GENERATE_SYMBOLS = YES;
				SUPPORTED_PLATFORMS = "iphoneos iphonesimulator";
				SUPPORTS_MACCATALYST = NO;
				SUPPORTS_MAC_DESIGNED_FOR_IPHONE_IPAD = NO;
				SUPPORTS_XR_DESIGNED_FOR_IPHONE_IPAD = NO;
				SWIFT_APPROACHABLE_CONCURRENCY = YES;
				SWIFT_DEFAULT_ACTOR_ISOLATION = MainActor;
				SWIFT_EMIT_LOC_STRINGS = YES;
				SWIFT_UPCOMING_FEATURE_MEMBER_IMPORT_VISIBILITY = YES;
				SWIFT_VERSION = 5.0;
				TARGETED_DEVICE_FAMILY = 1;
			};
			name = Debug;
		};
		07B0EC832EA8730500C4938E /* Release */ = {
			isa = XCBuildConfiguration;
			buildSettings = {
				ASSETCATALOG_COMPILER_APPICON_NAME = AppIcon;
				ASSETCATALOG_COMPILER_GLOBAL_ACCENT_COLOR_NAME = AccentColor;
				CODE_SIGN_ENTITLEMENTS = AmexSniffer/AmexSniffer.entitlements;
				CODE_SIGN_STYLE = Automatic;
				CURRENT_PROJECT_VERSION = 1;
				DEVELOPMENT_TEAM = 7QRHY3UX4S;
				ENABLE_PREVIEWS = YES;
				GENERATE_INFOPLIST_FILE = YES;
				INFOPLIST_FILE = AmexSniffer/Info.plist;
				INFOPLIST_KEY_NFCReaderUsageDescription = "Sniff Amex cards";
				INFOPLIST_KEY_UIApplicationSceneManifest_Generation = YES;
				INFOPLIST_KEY_UIApplicationSupportsIndirectInputEvents = YES;
				INFOPLIST_KEY_UILaunchScreen_Generation = YES;
				INFOPLIST_KEY_UISupportedInterfaceOrientations = UIInterfaceOrientationPortrait;
				INFOPLIST_KEY_UISupportedInterfaceOrientations_iPad = "UIInterfaceOrientationLandscapeLeft UIInterfaceOrientationLandscapeRight UIInterfaceOrientationPortrait UIInterfaceOrientationPortraitUpsideDown";
				IPHONEOS_DEPLOYMENT_TARGET = 18.6;
				LD_RUNPATH_SEARCH_PATHS = (
					"$(inherited)",
					"@executable_path/Frameworks",
				);
				MARKETING_VERSION = 1.0;
				PRODUCT_BUNDLE_IDENTIFIER = is.ewr.AmexSniffer;
				PRODUCT_NAME = "$(TARGET_NAME)";
				STRING_CATALOG_GENERATE_SYMBOLS = YES;
				SUPPORTED_PLATFORMS = "iphoneos iphonesimulator";
				SUPPORTS_MACCATALYST = NO;
				SUPPORTS_MAC_DESIGNED_FOR_IPHONE_IPAD = NO;
				SUPPORTS_XR_DESIGNED_FOR_IPHONE_IPAD = NO;
				SWIFT_APPROACHABLE_CONCURRENCY = YES;
				SWIFT_DEFAULT_ACTOR_ISOLATION = MainActor;
				SWIFT_EMIT_LOC_STRINGS = YES;
				SWIFT_UPCOMING_FEATURE_MEMBER_IMPORT_VISIBILITY = YES;
				SWIFT_VERSION = 5.0;
				TARGETED_DEVICE_FAMILY = 1;
			};
			name = Release;
		};
		07B0EC852EA8730500C4938E /* Debug */ = {
			isa = XCBuildConfiguration;
			buildSettings = {
				BUNDLE_LOADER = "$(TEST_HOST)";
				CODE_SIGN_STYLE = Automatic;
				CURRENT_PROJECT_VERSION = 1;
				DEVELOPMENT_TEAM = 7QRHY3UX4S;
				GENERATE_INFOPLIST_FILE = YES;
				IPHONEOS_DEPLOYMENT_TARGET = 26.0;
				MARKETING_VERSION = 1.0;
				PRODUCT_BUNDLE_IDENTIFIER = is.ewr.AmexSnifferTests;
				PRODUCT_NAME = "$(TARGET_NAME)";
				STRING_CATALOG_GENERATE_SYMBOLS = NO;
				SWIFT_APPROACHABLE_CONCURRENCY = YES;
				SWIFT_EMIT_LOC_STRINGS = NO;
				SWIFT_UPCOMING_FEATURE_MEMBER_IMPORT_VISIBILITY = YES;
				SWIFT_VERSION = 5.0;
				TARGETED_DEVICE_FAMILY = "1,2";
				TEST_HOST = "$(BUILT_PRODUCTS_DIR)/AmexSniffer.app/$(BUNDLE_EXECUTABLE_FOLDER_PATH)/AmexSniffer";
			};
			name = Debug;
		};
		07B0EC862EA8730500C4938E /* Release */ = {
			isa = XCBuildConfiguration;
			buildSettings = {
				BUNDLE_LOADER = "$(TEST_HOST)";
				CODE_SIGN_STYLE = Automatic;
				CURRENT_PROJECT_VERSION = 1;
				DEVELOPMENT_TEAM = 7QRHY3UX4S;
				GENERATE_INFOPLIST_FILE = YES;
				IPHONEOS_DEPLOYMENT_TARGET = 26.0;
				MARKETING_VERSION = 1.0;
				PRODUCT_BUNDLE_IDENTIFIER = is.ewr.AmexSnifferTests;
				PRODUCT_NAME = "$(TARGET_NAME)";
				STRING_CATALOG_GENERATE_SYMBOLS = NO;
				SWIFT_APPROACHABLE_CONCURRENCY = YES;
				SWIFT_EMIT_LOC_STRINGS = NO;
				SWIFT_UPCOMING_FEATURE_MEMBER_IMPORT_VISIBILITY = YES;
				SWIFT_VERSION = 5.0;
				TARGETED_DEVICE_FAMILY = "1,2";
				TEST_HOST = "$(BUILT_PRODUCTS_DIR)/AmexSniffer.app/$(BUNDLE_EXECUTABLE_FOLDER_PATH)/AmexSniffer";
			};
			name = Release;
		};
		07B0EC882EA8730500C4938E /* Debug */ = {
			isa = XCBuildConfiguration;
			buildSettings = {
				CODE_SIGN_STYLE = Automatic;
				CURRENT_PROJECT_VERSION = 1;
				DEVELOPMENT_TEAM = 7QRHY3UX4S;
				GENERATE_INFOPLIST_FILE = YES;
				MARKETING_VERSION = 1.0;
				PRODUCT_BUNDLE_IDENTIFIER = is.ewr.AmexSnifferUITests;
				PRODUCT_NAME = "$(TARGET_NAME)";
				STRING_CATALOG_GENERATE_SYMBOLS = NO;
				SWIFT_APPROACHABLE_CONCURRENCY = YES;
				SWIFT_EMIT_LOC_STRINGS = NO;
				SWIFT_UPCOMING_FEATURE_MEMBER_IMPORT_VISIBILITY = YES;
				SWIFT_VERSION = 5.0;
				TARGETED_DEVICE_FAMILY = "1,2";
				TEST_TARGET_NAME = AmexSniffer;
			};
			name = Debug;
		};
		07B0EC892EA8730500C4938E /* Release */ = {
			isa = XCBuildConfiguration;
			buildSettings = {
				CODE_SIGN_STYLE = Automatic;
				CURRENT_PROJECT_VERSION = 1;
				DEVELOPMENT_TEAM = 7QRHY3UX4S;
				GENERATE_INFOPLIST_FILE = YES;
				MARKETING_VERSION = 1.0;
				PRODUCT_BUNDLE_IDENTIFIER = is.ewr.AmexSnifferUITests;
				PRODUCT_NAME = "$(TARGET_NAME)";
				STRING_CATALOG_GENERATE_SYMBOLS = NO;
				SWIFT_APPROACHABLE_CONCURRENCY = YES;
				SWIFT_EMIT_LOC_STRINGS = NO;
				SWIFT_UPCOMING_FEATURE_MEMBER_IMPORT_VISIBILITY = YES;
				SWIFT_VERSION = 5.0;
				TARGETED_DEVICE_FAMILY = "1,2";
				TEST_TARGET_NAME = AmexSniffer;
			};
			name = Release;
		};
/* End XCBuildConfiguration section */

/* Begin XCConfigurationList section */
		07B0EC5B2EA872FE00C4938E /* Build configuration list for PBXProject "AmexSniffer" */ = {
			isa = XCConfigurationList;
			buildConfigurations = (
				07B0EC7F2EA8730500C4938E /* Debug */,
				07B0EC802EA8730500C4938E /* Release */,
			);
			defaultConfigurationIsVisible = 0;
			defaultConfigurationName = Release;
		};
		07B0EC812EA8730500C4938E /* Build configuration list for PBXNativeTarget "AmexSniffer" */ = {
			isa = XCConfigurationList;
			buildConfigurations = (
				07B0EC822EA8730500C4938E /* Debug */,
				07B0EC832EA8730500C4938E /* Release */,
			);
			defaultConfigurationIsVisible = 0;
			defaultConfigurationName = Release;
		};
		07B0EC842EA8730500C4938E /* Build configuration list for PBXNativeTarget "AmexSnifferTests" */ = {
			isa = XCConfigurationList;
			buildConfigurations = (
				07B0EC852EA8730500C4938E /* Debug */,
				07B0EC862EA8730500C4938E /* Release */,
			);
			defaultConfigurationIsVisible = 0;
			defaultConfigurationName = Release;
		};
		07B0EC872EA8730500C4938E /* Build configuration list for PBXNativeTarget "AmexSnifferUITests" */ = {
			isa = XCConfigurationList;
			buildConfigurations = (
				07B0EC882EA8730500C4938E /* Debug */,
				07B0EC892EA8730500C4938E /* Release */,
			);
			defaultConfigurationIsVisible = 0;
			defaultConfigurationName = Release;
		};
/* End XCConfigurationList section */
	};
	rootObject = 07B0EC582EA872FE00C4938E /* Project object */;
}
